
Microsoft Visual Studio Solution File, Format Version 12.00
# Visual Studio Version 16
VisualStudioVersion = 16.0.33027.164
MinimumVisualStudioVersion = 10.0.40219.1
Project("{FAE04EC0-301F-11D3-BF4B-00C04F79EFBC}") = "CompanySecurityTest", "CompanySecurityTest.csproj", "{1ECC72B7-F0B7-4310-9618-6960AB0886C4}"
EndProject
Global
	GlobalSection(SolutionConfigurationPlatforms) = preSolution
		Debug|Any CPU = Debug|Any CPU
		Release|Any CPU = Release|Any CPU
	EndGlobalSection
	GlobalSection(ProjectConfigurationPlatforms) = postSolution
		{1ECC72B7-F0B7-4310-9618-6960AB0886C4}.Debug|Any CPU.ActiveCfg = Debug|Any CPU
		{1ECC72B7-F0B7-4310-9618-6960AB0886C4}.Debug|Any CPU.Build.0 = Debug|Any CPU
		{1ECC72B7-F0B7-4310-9618-6960AB0886C4}.Release|Any CPU.ActiveCfg = Release|Any CPU
		{1ECC72B7-F0B7-4310-9618-6960AB0886C4}.Release|Any CPU.Build.0 = Release|Any CPU
	EndGlobalSection
	GlobalSection(SolutionProperties) = preSolution
		HideSolutionNode = FALSE
	EndGlobalSection
	GlobalSection(ExtensibilityGlobals) = postSolution
		SolutionGuid = {067630DF-993F-4BCE-B2D6-EC8FED3B0316}
	EndGlobalSection
EndGlobal
